<?xml version="1.0" encoding="utf-8"?>
<Project ToolsVersion="4.0" xmlns="http://schemas.microsoft.com/developer/msbuild/2003">
  <ItemGroup>
    <Filter Include="Source Files">
      <UniqueIdentifier>{4FC737F1-C7A5-4376-A066-2A32D752A2FF}</UniqueIdentifier>
      <Extensions>cpp;c;cc;cxx;def;odl;idl;hpj;bat;asm;asmx</Extensions>
    </Filter>
    <Filter Include="Source Files\Pommes 2D Engine">
      <UniqueIdentifier>{45d2c2e1-9533-4fef-94bb-99b9a722d82c}</UniqueIdentifier>
    </Filter>
    <Filter Include="Source Files\Pommes 2D Engine\Graphics">
      <UniqueIdentifier>{4d551190-f988-45fb-a79c-7e0c224149ad}</UniqueIdentifier>
    </Filter>
    <Filter Include="Source Files\Pommes 2D Engine\Input">
      <UniqueIdentifier>{0dd8e53d-e572-4182-a79d-0fe23d55d227}</UniqueIdentifier>
    </Filter>
    <Filter Include="Source Files\Pommes 2D Engine\Timing">
      <UniqueIdentifier>{2e24c057-39ed-4e10-8918-a2452727d1b3}</UniqueIdentifier>
    </Filter>
    <Filter Include="Source Files\Pommes 2D Engine\Utilities">
      <UniqueIdentifier>{20b3ef14-12b5-440e-8439-c3b0600a8131}</UniqueIdentifier>
    </Filter>
    <Filter Include="Source Files\Pommes 2D Engine\Game">
      <UniqueIdentifier>{9e442d7a-e719-47af-89bc-0cc136f7eccd}</UniqueIdentifier>
    </Filter>
  </ItemGroup>
  <ItemGroup>
    <ClInclude Include="P2DE\GFX\Camera.h">
      <Filter>Source Files\Pommes 2D Engine\Graphics</Filter>
    </ClInclude>
    <ClInclude Include="P2DE\GFX\Graphics.h">
      <Filter>Source Files\Pommes 2D Engine\Graphics</Filter>
    </ClInclude>
    <ClInclude Include="P2DE\Input\InputManager.h">
      <Filter>Source Files\Pommes 2D Engine\Input</Filter>
    </ClInclude>
    <ClInclude Include="P2DE\Utilities\ComPtr.h">
      <Filter>Source Files\Pommes 2D Engine\Utilities</Filter>
    </ClInclude>
    <ClInclude Include="P2DE\Utilities\ComHelpers.h">
      <Filter>Source Files\Pommes 2D Engine\Utilities</Filter>
    </ClInclude>
    <ClInclude Include="P2DE\Timing\HrTimer.h">
      <Filter>Source Files\Pommes 2D Engine\Timing</Filter>
    </ClInclude>
    <ClInclude Include="P2DE\Game\BaseGame.h">
      <Filter>Source Files\Pommes 2D Engine\Game</Filter>
    </ClInclude>
    <ClInclude Include="P2DE\GFX\Spritesheet.h">
      <Filter>Source Files\Pommes 2D Engine\Graphics</Filter>
    </ClInclude>
    <ClInclude Include="P2DE\Input\XboxController.h">
      <Filter>Source Files\Pommes 2D Engine\Input</Filter>
    </ClInclude>
  </ItemGroup>
  <ItemGroup>
    <ClCompile Include="P2DE\GFX\Camera.cpp">
      <Filter>Source Files\Pommes 2D Engine\Graphics</Filter>
    </ClCompile>
    <ClCompile Include="P2DE\GFX\Graphics.cpp">
      <Filter>Source Files\Pommes 2D Engine\Graphics</Filter>
    </ClCompile>
    <ClCompile Include="P2DE\Timing\HrTimer.cpp">
      <Filter>Source Files\Pommes 2D Engine\Timing</Filter>
    </ClCompile>
    <ClCompile Include="P2DE\Input\InputManager.cpp">
      <Filter>Source Files\Pommes 2D Engine\Input</Filter>
    </ClCompile>
    <ClCompile Include="P2DE\GFX\Spritesheet.cpp">
      <Filter>Source Files\Pommes 2D Engine\Graphics</Filter>
    </ClCompile>
    <ClCompile Include="P2DE\Input\XboxController.cpp">
      <Filter>Source Files\Pommes 2D Engine\Input</Filter>
    </ClCompile>
  </ItemGroup>
</Project>