<?xml version="1.0" encoding="utf-8"?>
<Project ToolsVersion="4.0" xmlns="http://schemas.microsoft.com/developer/msbuild/2003">
  <ItemGroup>
    <Filter Include="Source Files">
      <UniqueIdentifier>{4FC737F1-C7A5-4376-A066-2A32D752A2FF}</UniqueIdentifier>
      <Extensions>cpp;c;cc;cxx;def;odl;idl;hpj;bat;asm;asmx</Extensions>
    </Filter>
    <Filter Include="Source Files\Pommes 2D Engine">
      <UniqueIdentifier>{45d2c2e1-9533-4fef-94bb-99b9a722d82c}</UniqueIdentifier>
    </Filter>
    <Filter Include="Source Files\Pommes 2D Engine\Graphics">
      <UniqueIdentifier>{4d551190-f988-45fb-a79c-7e0c224149ad}</UniqueIdentifier>
    </Filter>
    <Filter Include="Source Files\Pommes 2D Engine\Input">
      <UniqueIdentifier>{0dd8e53d-e572-4182-a79d-0fe23d55d227}</UniqueIdentifier>
    </Filter>
    <Filter Include="Source Files\Pommes 2D Engine\Timing">
      <UniqueIdentifier>{2e24c057-39ed-4e10-8918-a2452727d1b3}</UniqueIdentifier>
    </Filter>
    <Filter Include="Source Files\Pommes 2D Engine\Utilities">
      <UniqueIdentifier>{20b3ef14-12b5-440e-8439-c3b0600a8131}</UniqueIdentifier>
    </Filter>
    <Filter Include="Source Files\Pommes 2D Engine\Game">
      <UniqueIdentifier>{9e442d7a-e719-47af-89bc-0cc136f7eccd}</UniqueIdentifier>
    </Filter>
    <Filter Include="Source Files\Pommes 2D Engine\Graphics\ImagePropertiesAndEnums">
      <UniqueIdentifier>{196da819-b2ed-4f8d-b120-e8254cdba60e}</UniqueIdentifier>
    </Filter>
    <Filter Include="Source Files\Pommes 2D Engine\FileIO">
      <UniqueIdentifier>{b73ce40f-2d34-4363-99e6-1151b342ff11}</UniqueIdentifier>
    </Filter>
    <Filter Include="Source Files\Pommes 2D Engine\Graphics\Shader">
      <UniqueIdentifier>{0dfc6d97-cec2-486f-a46f-1c3a4f22342e}</UniqueIdentifier>
    </Filter>
    <Filter Include="Source Files\Pommes 2D Engine\Graphics\Drawables">
      <UniqueIdentifier>{ad5a75bb-44f2-4f1e-9b86-c625fb0ad4d8}</UniqueIdentifier>
    </Filter>
    <Filter Include="Source Files\Pommes 2D Engine\SFX">
      <UniqueIdentifier>{5f9d88e9-7ce3-4a11-b1e4-bb79727867a7}</UniqueIdentifier>
    </Filter>
    <Filter Include="Source Files\Pommes 2D Engine\Graphics\Drawables\Primitives">
      <UniqueIdentifier>{b2a8569e-a0d2-4c87-99b3-d386e2014f6c}</UniqueIdentifier>
    </Filter>
  </ItemGroup>
  <ItemGroup>
    <ClInclude Include="P2DE\GFX\Camera.h">
      <Filter>Source Files\Pommes 2D Engine\Graphics</Filter>
    </ClInclude>
    <ClInclude Include="P2DE\GFX\Graphics.h">
      <Filter>Source Files\Pommes 2D Engine\Graphics</Filter>
    </ClInclude>
    <ClInclude Include="P2DE\Input\InputManager.h">
      <Filter>Source Files\Pommes 2D Engine\Input</Filter>
    </ClInclude>
    <ClInclude Include="P2DE\Utilities\ComPtr.h">
      <Filter>Source Files\Pommes 2D Engine\Utilities</Filter>
    </ClInclude>
    <ClInclude Include="P2DE\Utilities\ComHelpers.h">
      <Filter>Source Files\Pommes 2D Engine\Utilities</Filter>
    </ClInclude>
    <ClInclude Include="P2DE\Timing\HrTimer.h">
      <Filter>Source Files\Pommes 2D Engine\Timing</Filter>
    </ClInclude>
    <ClInclude Include="P2DE\Game\BaseGame.h">
      <Filter>Source Files\Pommes 2D Engine\Game</Filter>
    </ClInclude>
    <ClInclude Include="P2DE\GFX\Spritesheet.h">
      <Filter>Source Files\Pommes 2D Engine\Graphics</Filter>
    </ClInclude>
    <ClInclude Include="P2DE\Input\XboxController.h">
      <Filter>Source Files\Pommes 2D Engine\Input</Filter>
    </ClInclude>
    <ClInclude Include="P2DE\GFX\SpritesheetAtlas.h">
      <Filter>Source Files\Pommes 2D Engine\Graphics</Filter>
    </ClInclude>
    <ClInclude Include="P2DE\GFX\ImagePropertiesAndEnums\SpriteFlipMode.h">
      <Filter>Source Files\Pommes 2D Engine\Graphics\ImagePropertiesAndEnums</Filter>
    </ClInclude>
    <ClInclude Include="P2DE\GFX\ImagePropertiesAndEnums\SpriteInterpolationMode.h">
      <Filter>Source Files\Pommes 2D Engine\Graphics\ImagePropertiesAndEnums</Filter>
    </ClInclude>
    <ClInclude Include="P2DE\GFX\ImagePropertiesAndEnums\ImageProperties.h">
      <Filter>Source Files\Pommes 2D Engine\Graphics\ImagePropertiesAndEnums</Filter>
    </ClInclude>
    <ClInclude Include="P2DE\FileIO\SerializeableData.h">
      <Filter>Source Files\Pommes 2D Engine\FileIO</Filter>
    </ClInclude>
    <ClInclude Include="P2DE\FileIO\DataTypeConverter.h">
      <Filter>Source Files\Pommes 2D Engine\FileIO</Filter>
    </ClInclude>
    <ClInclude Include="P2DE\FileIO\FileAndDatastructureIDs.h">
      <Filter>Source Files\Pommes 2D Engine\FileIO</Filter>
    </ClInclude>
    <ClInclude Include="P2DE\FileIO\FileIO.h">
      <Filter>Source Files\Pommes 2D Engine\FileIO</Filter>
    </ClInclude>
    <ClInclude Include="P2DE\Utilities\Minidump.h">
      <Filter>Source Files\Pommes 2D Engine\Utilities</Filter>
    </ClInclude>
    <ClInclude Include="P2DE\GFX\WICTextureLoader.h">
      <Filter>Source Files\Pommes 2D Engine\Graphics</Filter>
    </ClInclude>
    <ClInclude Include="P2DE\GFX\D3D11Common.h">
      <Filter>Source Files\Pommes 2D Engine\Graphics</Filter>
    </ClInclude>
    <ClInclude Include="P2DE\GFX\Drawables\SGeometry.h">
      <Filter>Source Files\Pommes 2D Engine\Graphics\Drawables</Filter>
    </ClInclude>
    <ClInclude Include="P2DE\GFX\Drawables\BaseDrawable.h">
      <Filter>Source Files\Pommes 2D Engine\Graphics\Drawables</Filter>
    </ClInclude>
    <ClInclude Include="P2DE\SFX\SoundManager.h">
      <Filter>Source Files\Pommes 2D Engine\SFX</Filter>
    </ClInclude>
    <ClInclude Include="P2DE\SFX\P2DE_Music.h">
      <Filter>Source Files\Pommes 2D Engine\SFX</Filter>
    </ClInclude>
    <ClInclude Include="P2DE\SFX\P2DE_Sound.h">
      <Filter>Source Files\Pommes 2D Engine\SFX</Filter>
    </ClInclude>
    <ClInclude Include="P2DE\GFX\Drawables\Primitives\Triangle.h">
      <Filter>Source Files\Pommes 2D Engine\Graphics\Drawables\Primitives</Filter>
    </ClInclude>
    <ClInclude Include="P2DE\GFX\Shader\P2DE_Shader.h">
      <Filter>Source Files\Pommes 2D Engine\Graphics\Shader</Filter>
    </ClInclude>
    <ClInclude Include="P2DE\Common.h">
      <Filter>Source Files\Pommes 2D Engine</Filter>
    </ClInclude>
  </ItemGroup>
  <ItemGroup>
    <ClCompile Include="P2DE\GFX\Camera.cpp">
      <Filter>Source Files\Pommes 2D Engine\Graphics</Filter>
    </ClCompile>
    <ClCompile Include="P2DE\GFX\Graphics.cpp">
      <Filter>Source Files\Pommes 2D Engine\Graphics</Filter>
    </ClCompile>
    <ClCompile Include="P2DE\Timing\HrTimer.cpp">
      <Filter>Source Files\Pommes 2D Engine\Timing</Filter>
    </ClCompile>
    <ClCompile Include="P2DE\Input\InputManager.cpp">
      <Filter>Source Files\Pommes 2D Engine\Input</Filter>
    </ClCompile>
    <ClCompile Include="P2DE\GFX\Spritesheet.cpp">
      <Filter>Source Files\Pommes 2D Engine\Graphics</Filter>
    </ClCompile>
    <ClCompile Include="P2DE\Input\XboxController.cpp">
      <Filter>Source Files\Pommes 2D Engine\Input</Filter>
    </ClCompile>
    <ClCompile Include="P2DE\GFX\SpritesheetAtlas.cpp">
      <Filter>Source Files\Pommes 2D Engine\Graphics</Filter>
    </ClCompile>
    <ClCompile Include="P2DE\GFX\ImagePropertiesAndEnums\ImageProperties.cpp">
      <Filter>Source Files\Pommes 2D Engine\Graphics\ImagePropertiesAndEnums</Filter>
    </ClCompile>
    <ClCompile Include="P2DE\FileIO\FileIO.cpp">
      <Filter>Source Files\Pommes 2D Engine\FileIO</Filter>
    </ClCompile>
    <ClCompile Include="P2DE\GFX\WICTextureLoader.cpp">
      <Filter>Source Files\Pommes 2D Engine\Graphics</Filter>
    </ClCompile>
    <ClCompile Include="P2DE\SFX\SoundManager.cpp">
      <Filter>Source Files\Pommes 2D Engine\SFX</Filter>
    </ClCompile>
    <ClCompile Include="P2DE\SFX\P2DE_Music.cpp">
      <Filter>Source Files\Pommes 2D Engine\SFX</Filter>
    </ClCompile>
    <ClCompile Include="P2DE\SFX\P2DE_Sound.cpp">
      <Filter>Source Files\Pommes 2D Engine\SFX</Filter>
    </ClCompile>
    <ClCompile Include="P2DE\GFX\Drawables\Primitives\Triangle.cpp">
      <Filter>Source Files\Pommes 2D Engine\Graphics\Drawables\Primitives</Filter>
    </ClCompile>
    <ClCompile Include="P2DE\GFX\Shader\P2DE_Shader.cpp">
      <Filter>Source Files\Pommes 2D Engine\Graphics\Shader</Filter>
    </ClCompile>
  </ItemGroup>
  <ItemGroup>
    <FxCompile Include="P2DE\GFX\Shader\PixelShader.hlsl">
      <Filter>Source Files\Pommes 2D Engine\Graphics\Shader</Filter>
    </FxCompile>
    <FxCompile Include="P2DE\GFX\Shader\VertexShader.hlsl">
      <Filter>Source Files\Pommes 2D Engine\Graphics\Shader</Filter>
    </FxCompile>
  </ItemGroup>
</Project>